
Microsoft Visual Studio Solution File, Format Version 12.00
# Visual Studio Version 17
VisualStudioVersion = 17.13.35818.85
MinimumVisualStudioVersion = 10.0.40219.1
Project("{FAE04EC0-301F-11D3-BF4B-00C04F79EFBC}") = "Analyser.ForceSetProperties", "Analyser.ForceSetProperties\Analyser.ForceSetProperties.csproj", "{875AAAA8-94DF-4708-828E-806EFB495EDF}"
EndProject
Project("{FAE04EC0-301F-11D3-BF4B-00C04F79EFBC}") = "Example", "Example\Example.csproj", "{A0FC842C-5103-E242-CA0E-06B13ABAA9ED}"
EndProject
Global
	GlobalSection(SolutionConfigurationPlatforms) = preSolution
		Debug|Any CPU = Debug|Any CPU
		Release|Any CPU = Release|Any CPU
	EndGlobalSection
	GlobalSection(ProjectConfigurationPlatforms) = postSolution
		{875AAAA8-94DF-4708-828E-806EFB495EDF}.Debug|Any CPU.ActiveCfg = Debug|Any CPU
		{875AAAA8-94DF-4708-828E-806EFB495EDF}.Debug|Any CPU.Build.0 = Debug|Any CPU
		{875AAAA8-94DF-4708-828E-806EFB495EDF}.Release|Any CPU.ActiveCfg = Release|Any CPU
		{875AAAA8-94DF-4708-828E-806EFB495EDF}.Release|Any CPU.Build.0 = Release|Any CPU
		{A0FC842C-5103-E242-CA0E-06B13ABAA9ED}.Debug|Any CPU.ActiveCfg = Debug|Any CPU
		{A0FC842C-5103-E242-CA0E-06B13ABAA9ED}.Debug|Any CPU.Build.0 = Debug|Any CPU
		{A0FC842C-5103-E242-CA0E-06B13ABAA9ED}.Release|Any CPU.ActiveCfg = Release|Any CPU
		{A0FC842C-5103-E242-CA0E-06B13ABAA9ED}.Release|Any CPU.Build.0 = Release|Any CPU
	EndGlobalSection
	GlobalSection(SolutionProperties) = preSolution
		HideSolutionNode = FALSE
	EndGlobalSection
	GlobalSection(ExtensibilityGlobals) = postSolution
		SolutionGuid = {6FD4B53E-472F-4BBC-A66E-DD6D279529C9}
	EndGlobalSection
EndGlobal
